PODS:
  - bank_core_ffi (0.0.1):
    - FlutterMacOS
  - FlutterMacOS (1.0.0)

DEPENDENCIES:
  - bank_core_ffi (from `Flutter/ephemeral/.symlinks/plugins/bank_core_ffi/macos`)
  - FlutterMacOS (from `Flutter/ephemeral`)

EXTERNAL SOURCES:
  bank_core_ffi:
    :path: Flutter/ephemeral/.symlinks/plugins/bank_core_ffi/macos
  FlutterMacOS:
    :path: Flutter/ephemeral

SPEC CHECKSUMS:
  bank_core_ffi: cfbbf56d6bf080315f81e282bf426ebc686121b3
  FlutterMacOS: 8f6f14fa908a6fb3fba0cd85dbd81ec4b251fb24

PODFILE CHECKSUM: 54d867c82ac51cbd61b565781b9fada492027009

COCOAPODS: 1.16.2
