PODS:
  - bank_core_ffi (0.0.1):
    - FlutterMacOS
  - FlutterMacOS (1.0.0)

DEPENDENCIES:
  - bank_core_ffi (from `Flutter/ephemeral/.symlinks/plugins/bank_core_ffi/macos`)
  - FlutterMacOS (from `Flutter/ephemeral`)

EXTERNAL SOURCES:
  bank_core_ffi:
    :path: Flutter/ephemeral/.symlinks/plugins/bank_core_ffi/macos
  FlutterMacOS:
    :path: Flutter/ephemeral

SPEC CHECKSUMS:
  bank_core_ffi: de155c056b6c9c79d3a33d6338a0cbd1ab89a423
  FlutterMacOS: d0db08ddef1a9af05a5ec4b724367152bb0500b1

PODFILE CHECKSUM: 54d867c82ac51cbd61b565781b9fada492027009

COCOAPODS: 1.16.2
